
Microsoft Visual Studio Solution File, Format Version 12.00
Project("{FAE04EC0-301F-11D3-BF4B-00C04F79EFBC}") = "Components", "Components\Components.csproj", "{C7067445-79B1-4BF2-8D1D-706A6FD5E7FD}"
EndProject
Project("{FAE04EC0-301F-11D3-BF4B-00C04F79EFBC}") = "Contracts", "Contracts\Contracts.csproj", "{6ABAA149-D0B3-4D81-85E9-EC921F8D4B8F}"
EndProject
Project("{FAE04EC0-301F-11D3-BF4B-00C04F79EFBC}") = "Components.Tests", "Components.Tests\Components.Tests.csproj", "{D0E9C626-1CB1-4314-B19F-5AAF898C53D6}"
EndProject
Global
	GlobalSection(SolutionConfigurationPlatforms) = preSolution
		Debug|Any CPU = Debug|Any CPU
		Release|Any CPU = Release|Any CPU
	EndGlobalSection
	GlobalSection(ProjectConfigurationPlatforms) = postSolution
		{C7067445-79B1-4BF2-8D1D-706A6FD5E7FD}.Debug|Any CPU.ActiveCfg = Debug|Any CPU
		{C7067445-79B1-4BF2-8D1D-706A6FD5E7FD}.Debug|Any CPU.Build.0 = Debug|Any CPU
		{C7067445-79B1-4BF2-8D1D-706A6FD5E7FD}.Release|Any CPU.ActiveCfg = Release|Any CPU
		{C7067445-79B1-4BF2-8D1D-706A6FD5E7FD}.Release|Any CPU.Build.0 = Release|Any CPU
		{6ABAA149-D0B3-4D81-85E9-EC921F8D4B8F}.Debug|Any CPU.ActiveCfg = Debug|Any CPU
		{6ABAA149-D0B3-4D81-85E9-EC921F8D4B8F}.Debug|Any CPU.Build.0 = Debug|Any CPU
		{6ABAA149-D0B3-4D81-85E9-EC921F8D4B8F}.Release|Any CPU.ActiveCfg = Release|Any CPU
		{6ABAA149-D0B3-4D81-85E9-EC921F8D4B8F}.Release|Any CPU.Build.0 = Release|Any CPU
		{D0E9C626-1CB1-4314-B19F-5AAF898C53D6}.Debug|Any CPU.ActiveCfg = Debug|Any CPU
		{D0E9C626-1CB1-4314-B19F-5AAF898C53D6}.Debug|Any CPU.Build.0 = Debug|Any CPU
		{D0E9C626-1CB1-4314-B19F-5AAF898C53D6}.Release|Any CPU.ActiveCfg = Release|Any CPU
		{D0E9C626-1CB1-4314-B19F-5AAF898C53D6}.Release|Any CPU.Build.0 = Release|Any CPU
	EndGlobalSection
EndGlobal
